
Microsoft Visual Studio Solution File, Format Version 12.00
# Visual Studio Version 17
VisualStudioVersion = 17.0.32112.339
MinimumVisualStudioVersion = 10.0.40219.1
Project("{8BC9CEB8-8B4A-11D0-8D11-00A0C91BC942}") = "opencv4_test", "opencv4_test.vcxproj", "{B211F1A8-8B8B-46BF-ABCA-7C363DE697B4}"
EndProject
Global
	GlobalSection(SolutionConfigurationPlatforms) = preSolution
		Debug|x64 = Debug|x64
		Debug|x86 = Debug|x86
		Release|x64 = Release|x64
		Release|x86 = Release|x86
	EndGlobalSection
	GlobalSection(ProjectConfigurationPlatforms) = postSolution
		{B211F1A8-8B8B-46BF-ABCA-7C363DE697B4}.Debug|x64.ActiveCfg = Debug|x64
		{B211F1A8-8B8B-46BF-ABCA-7C363DE697B4}.Debug|x64.Build.0 = Debug|x64
		{B211F1A8-8B8B-46BF-ABCA-7C363DE697B4}.Debug|x86.ActiveCfg = Debug|Win32
		{B211F1A8-8B8B-46BF-ABCA-7C363DE697B4}.Debug|x86.Build.0 = Debug|Win32
		{B211F1A8-8B8B-46BF-ABCA-7C363DE697B4}.Release|x64.ActiveCfg = Release|x64
		{B211F1A8-8B8B-46BF-ABCA-7C363DE697B4}.Release|x64.Build.0 = Release|x64
		{B211F1A8-8B8B-46BF-ABCA-7C363DE697B4}.Release|x86.ActiveCfg = Release|Win32
		{B211F1A8-8B8B-46BF-ABCA-7C363DE697B4}.Release|x86.Build.0 = Release|Win32
	EndGlobalSection
	GlobalSection(SolutionProperties) = preSolution
		HideSolutionNode = FALSE
	EndGlobalSection
	GlobalSection(ExtensibilityGlobals) = postSolution
		SolutionGuid = {62F056A6-4492-4EDE-B536-D158BF97FFEE}
	EndGlobalSection
EndGlobal
